// !$*UTF8*$!
{
	archiveVersion = 1;
	classes = {
	};
	objectVersion = 56;
	objects = {

/* Begin PBXBuildFile section */
		3F03B9942B6A845E00E31152 /* PreBreatheSettingsDetailView.swift in Sources */ = {isa = PBXBuildFile; fileRef = 3F03B9932B6A845E00E31152 /* PreBreatheSettingsDetailView.swift */; };
		3F03B9962B6A9AA700E31152 /* SquareBreathingSettingsView.swift in Sources */ = {isa = PBXBuildFile; fileRef = 3F03B9952B6A9AA700E31152 /* SquareBreathingSettingsView.swift */; };
		3F23F1FF2B73C7DF003FBC64 /* HealthDataView.swift in Sources */ = {isa = PBXBuildFile; fileRef = 3F23F1FE2B73C7DF003FBC64 /* HealthDataView.swift */; };
		3F23F2012B73CB81003FBC64 /* HealthKit.framework in Frameworks */ = {isa = PBXBuildFile; fileRef = 3F23F2002B73CB81003FBC64 /* HealthKit.framework */; };
		3F23F2032B743595003FBC64 /* HistorySessionsChartView.swift in Sources */ = {isa = PBXBuildFile; fileRef = 3F23F2022B743595003FBC64 /* HistorySessionsChartView.swift */; };
		3F23F2052B752021003FBC64 /* SessionHistoryDetailView.swift in Sources */ = {isa = PBXBuildFile; fileRef = 3F23F2042B752021003FBC64 /* SessionHistoryDetailView.swift */; };
		3F23F20B2B77D38F003FBC64 /* UserDefaults.swift in Sources */ = {isa = PBXBuildFile; fileRef = 3F23F20A2B77D38F003FBC64 /* UserDefaults.swift */; };
		3F31881A2B5AE42A0092880E /* CO2TrainingTableDetailView.swift in Sources */ = {isa = PBXBuildFile; fileRef = 3F3188192B5AE42A0092880E /* CO2TrainingTableDetailView.swift */; };
		3F53E9CF2B470D8400E821BC /* ApneaManagerApp.swift in Sources */ = {isa = PBXBuildFile; fileRef = 3F53E9CE2B470D8400E821BC /* ApneaManagerApp.swift */; };
		3F53E9D32B470D8500E821BC /* Assets.xcassets in Resources */ = {isa = PBXBuildFile; fileRef = 3F53E9D22B470D8500E821BC /* Assets.xcassets */; };
		3F53E9D62B470D8500E821BC /* Preview Assets.xcassets in Resources */ = {isa = PBXBuildFile; fileRef = 3F53E9D52B470D8500E821BC /* Preview Assets.xcassets */; };
		3F53E9DD2B470E3A00E821BC /* GuidanceView.swift in Sources */ = {isa = PBXBuildFile; fileRef = 3F53E9DC2B470E3A00E821BC /* GuidanceView.swift */; };
		3F53E9DF2B47151100E821BC /* MainTab.swift in Sources */ = {isa = PBXBuildFile; fileRef = 3F53E9DE2B47151100E821BC /* MainTab.swift */; };
		3F53E9E12B4717EA00E821BC /* GuidanceListView.swift in Sources */ = {isa = PBXBuildFile; fileRef = 3F53E9E02B4717EA00E821BC /* GuidanceListView.swift */; };
		3F53E9E42B471CEB00E821BC /* BenifitsView.swift in Sources */ = {isa = PBXBuildFile; fileRef = 3F53E9E32B471CEB00E821BC /* BenifitsView.swift */; };
		3F53E9E62B471E5400E821BC /* FrequencyView.swift in Sources */ = {isa = PBXBuildFile; fileRef = 3F53E9E52B471E5400E821BC /* FrequencyView.swift */; };
		3F53E9EC2B4721F700E821BC /* SettingsView.swift in Sources */ = {isa = PBXBuildFile; fileRef = 3F53E9EB2B4721F700E821BC /* SettingsView.swift */; };
		3F53E9FB2B48698A00E821BC /* TrainingOptionsView.swift in Sources */ = {isa = PBXBuildFile; fileRef = 3F53E9FA2B48698A00E821BC /* TrainingOptionsView.swift */; };
		3F53E9FE2B486B6000E821BC /* TraningCardView.swift in Sources */ = {isa = PBXBuildFile; fileRef = 3F53E9FD2B486B6000E821BC /* TraningCardView.swift */; };
		3F53EA002B495A3700E821BC /* TrainingTimeCardView.swift in Sources */ = {isa = PBXBuildFile; fileRef = 3F53E9FF2B495A3700E821BC /* TrainingTimeCardView.swift */; };
		3F53EA022B4A9EE800E821BC /* UpgradeCardView.swift in Sources */ = {isa = PBXBuildFile; fileRef = 3F53EA012B4A9EE800E821BC /* UpgradeCardView.swift */; };
		3F53EA052B4AA42C00E821BC /* HistoryView.swift in Sources */ = {isa = PBXBuildFile; fileRef = 3F53EA042B4AA42C00E821BC /* HistoryView.swift */; };
		3F53EA072B4AA73000E821BC /* TrainingHistoryCardView.swift in Sources */ = {isa = PBXBuildFile; fileRef = 3F53EA062B4AA73000E821BC /* TrainingHistoryCardView.swift */; };
		3F53EA0B2B4AB36D00E821BC /* O2TrainingDetailView.swift in Sources */ = {isa = PBXBuildFile; fileRef = 3F53EA0A2B4AB36D00E821BC /* O2TrainingDetailView.swift */; };
		3F53EA0E2B4AC0EB00E821BC /* BreathHoldView.swift in Sources */ = {isa = PBXBuildFile; fileRef = 3F53EA0D2B4AC0EB00E821BC /* BreathHoldView.swift */; };
		3F53EA102B4AC10F00E821BC /* SquareBreathingView.swift in Sources */ = {isa = PBXBuildFile; fileRef = 3F53EA0F2B4AC10F00E821BC /* SquareBreathingView.swift */; };
		3F53EA122B4AC11F00E821BC /* O2TrainingView.swift in Sources */ = {isa = PBXBuildFile; fileRef = 3F53EA112B4AC11F00E821BC /* O2TrainingView.swift */; };
		3F53EA142B4AC14B00E821BC /* CO2TrainingView.swift in Sources */ = {isa = PBXBuildFile; fileRef = 3F53EA132B4AC14B00E821BC /* CO2TrainingView.swift */; };
		3F53EA162B4AC15B00E821BC /* PranayamaBreathingView.swift in Sources */ = {isa = PBXBuildFile; fileRef = 3F53EA152B4AC15B00E821BC /* PranayamaBreathingView.swift */; };
		3F53EA192B4AC1A000E821BC /* PreBreatheView.swift in Sources */ = {isa = PBXBuildFile; fileRef = 3F53EA182B4AC1A000E821BC /* PreBreatheView.swift */; };
		3F53EA1B2B4AC34500E821BC /* TrainingProgressViewStyle.swift in Sources */ = {isa = PBXBuildFile; fileRef = 3F53EA1A2B4AC34500E821BC /* TrainingProgressViewStyle.swift */; };
		3F53EA1D2B4AC44300E821BC /* Theme.swift in Sources */ = {isa = PBXBuildFile; fileRef = 3F53EA1C2B4AC44200E821BC /* Theme.swift */; };
		3F53EA202B4AC6F400E821BC /* TrailingIconLabelStyle.swift in Sources */ = {isa = PBXBuildFile; fileRef = 3F53EA1F2B4AC6F400E821BC /* TrailingIconLabelStyle.swift */; };
		3F53EA242B4ACF6600E821BC /* TrainingHeaderView.swift in Sources */ = {isa = PBXBuildFile; fileRef = 3F53EA232B4ACF6600E821BC /* TrainingHeaderView.swift */; };
		3F53EA262B4AD00E00E821BC /* TrainingBreatholdTimerView.swift in Sources */ = {isa = PBXBuildFile; fileRef = 3F53EA252B4AD00E00E821BC /* TrainingBreatholdTimerView.swift */; };
		3F53EA282B4AD1FC00E821BC /* TrainingFooterView.swift in Sources */ = {isa = PBXBuildFile; fileRef = 3F53EA272B4AD1FC00E821BC /* TrainingFooterView.swift */; };
		3F53EA2D2B4ADEC600E821BC /* BreathHoldHeader.swift in Sources */ = {isa = PBXBuildFile; fileRef = 3F53EA2C2B4ADEC600E821BC /* BreathHoldHeader.swift */; };
		3F53EA302B4AEAED00E821BC /* WishKit in Frameworks */ = {isa = PBXBuildFile; productRef = 3F53EA2F2B4AEAED00E821BC /* WishKit */; };
		3F53EA322B4B2D0D00E821BC /* ThemePicker.swift in Sources */ = {isa = PBXBuildFile; fileRef = 3F53EA312B4B2D0D00E821BC /* ThemePicker.swift */; };
		3F53EA352B4B2D4900E821BC /* ThemeView.swift in Sources */ = {isa = PBXBuildFile; fileRef = 3F53EA342B4B2D4900E821BC /* ThemeView.swift */; };
		3F53EA422B4C4EF300E821BC /* TrainingRemindersView.swift in Sources */ = {isa = PBXBuildFile; fileRef = 3F53EA412B4C4EF300E821BC /* TrainingRemindersView.swift */; };
		3F53EA442B4C4FA200E821BC /* TimerNotificationView.swift in Sources */ = {isa = PBXBuildFile; fileRef = 3F53EA432B4C4FA200E821BC /* TimerNotificationView.swift */; };
		3F53EA462B4C5A5D00E821BC /* HistoryBreathHoldChartView.swift in Sources */ = {isa = PBXBuildFile; fileRef = 3F53EA452B4C5A5D00E821BC /* HistoryBreathHoldChartView.swift */; };
		3F69B6942B4C68F000BC9222 /* ExerciseView.swift in Sources */ = {isa = PBXBuildFile; fileRef = 3F69B6932B4C68F000BC9222 /* ExerciseView.swift */; };
		3F69B69E2B4D780600BC9222 /* TrainingTimerView.swift in Sources */ = {isa = PBXBuildFile; fileRef = 3F69B69D2B4D780600BC9222 /* TrainingTimerView.swift */; };
		3F69B6A22B4D78A300BC9222 /* CircleProgressShape.swift in Sources */ = {isa = PBXBuildFile; fileRef = 3F69B6A12B4D78A300BC9222 /* CircleProgressShape.swift */; };
		3F69B6A42B4D7F5D00BC9222 /* PrebreatheTimer.swift in Sources */ = {isa = PBXBuildFile; fileRef = 3F69B6A32B4D7F5D00BC9222 /* PrebreatheTimer.swift */; };
		3F69B6A72B4D8A4A00BC9222 /* AudioGuidanceView.swift in Sources */ = {isa = PBXBuildFile; fileRef = 3F69B6A62B4D8A4A00BC9222 /* AudioGuidanceView.swift */; };
		3F69B6AD2B4D92F000BC9222 /* CO2TrainingDetailView.swift in Sources */ = {isa = PBXBuildFile; fileRef = 3F69B6AC2B4D92F000BC9222 /* CO2TrainingDetailView.swift */; };
		3F69B6B52B4D9C6100BC9222 /* PreBreatheDetailView.swift in Sources */ = {isa = PBXBuildFile; fileRef = 3F69B6B42B4D9C6100BC9222 /* PreBreatheDetailView.swift */; };
		3F69B6B82B4D9E1000BC9222 /* SquareBreathingDetailView.swift in Sources */ = {isa = PBXBuildFile; fileRef = 3F69B6B72B4D9E1000BC9222 /* SquareBreathingDetailView.swift */; };
		3F69B6BA2B4D9E2D00BC9222 /* PranayamaBreathingDetailView.swift in Sources */ = {isa = PBXBuildFile; fileRef = 3F69B6B92B4D9E2D00BC9222 /* PranayamaBreathingDetailView.swift */; };
		3F69B6BC2B4DA03E00BC9222 /* BreathHoldDetailView.swift in Sources */ = {isa = PBXBuildFile; fileRef = 3F69B6BB2B4DA03E00BC9222 /* BreathHoldDetailView.swift */; };
		3FA7C1EB2B66913C00AED17A /* TrainingLastSessionCard.swift in Sources */ = {isa = PBXBuildFile; fileRef = 3FA7C1EA2B66913C00AED17A /* TrainingLastSessionCard.swift */; };
		3FA7C1F12B6A557B00AED17A /* O2TrainingTableDetailView.swift in Sources */ = {isa = PBXBuildFile; fileRef = 3FA7C1F02B6A557B00AED17A /* O2TrainingTableDetailView.swift */; };
		3FAE0ABA2B6D5B3300FB0110 /* PranayamaBreathingSettingsView.swift in Sources */ = {isa = PBXBuildFile; fileRef = 3FAE0AB92B6D5B3300FB0110 /* PranayamaBreathingSettingsView.swift */; };
		3FAE0ABC2B70D86200FB0110 /* O2TrainingSettingsView.swift in Sources */ = {isa = PBXBuildFile; fileRef = 3FAE0ABB2B70D86200FB0110 /* O2TrainingSettingsView.swift */; };
		3FAE0ABE2B7104E100FB0110 /* CO2TrainingSettingsView.swift in Sources */ = {isa = PBXBuildFile; fileRef = 3FAE0ABD2B7104E100FB0110 /* CO2TrainingSettingsView.swift */; };
		3FAE0AC32B72471000FB0110 /* TrainingReminder.swift in Sources */ = {isa = PBXBuildFile; fileRef = 3FAE0AC22B72471000FB0110 /* TrainingReminder.swift */; };
		3FAE0AC52B724E1000FB0110 /* TrainingReminderDetailView.swift in Sources */ = {isa = PBXBuildFile; fileRef = 3FAE0AC42B724E1000FB0110 /* TrainingReminderDetailView.swift */; };
		3FAE0AC82B724E7000FB0110 /* NotificationHandler.swift in Sources */ = {isa = PBXBuildFile; fileRef = 3FAE0AC72B724E7000FB0110 /* NotificationHandler.swift */; };
		3FAE0ACB2B73A19700FB0110 /* HealthKitHandler.swift in Sources */ = {isa = PBXBuildFile; fileRef = 3FAE0ACA2B73A19700FB0110 /* HealthKitHandler.swift */; };
		3FD701982B7BA38100617DA5 /* RevenueCat in Frameworks */ = {isa = PBXBuildFile; productRef = 3FD701972B7BA38100617DA5 /* RevenueCat */; };
		3FD7019A2B7BA38100617DA5 /* RevenueCatUI in Frameworks */ = {isa = PBXBuildFile; productRef = 3FD701992B7BA38100617DA5 /* RevenueCatUI */; };
		3FD7019C2B7C018C00617DA5 /* StoreKitTestCertificate.cer in Resources */ = {isa = PBXBuildFile; fileRef = 3FD7019B2B7C018C00617DA5 /* StoreKitTestCertificate.cer */; };
		3FD7019F2B80FFF700617DA5 /* SubscriptionManager.swift in Sources */ = {isa = PBXBuildFile; fileRef = 3FD7019E2B80FFF700617DA5 /* SubscriptionManager.swift */; };
		3FDB89DA2B57D0B300DF0C51 /* TipStore.swift in Sources */ = {isa = PBXBuildFile; fileRef = 3FDB89D92B57D0B300DF0C51 /* TipStore.swift */; };
		3FDB89DC2B57D0FA00DF0C51 /* TipsButtonView.swift in Sources */ = {isa = PBXBuildFile; fileRef = 3FDB89DB2B57D0FA00DF0C51 /* TipsButtonView.swift */; };
		3FDB89DE2B57D11700DF0C51 /* TipsView.swift in Sources */ = {isa = PBXBuildFile; fileRef = 3FDB89DD2B57D11700DF0C51 /* TipsView.swift */; };
		3FDB89E02B57D13900DF0C51 /* TipsItemView.swift in Sources */ = {isa = PBXBuildFile; fileRef = 3FDB89DF2B57D13900DF0C51 /* TipsItemView.swift */; };
		3FDB89E22B57D15B00DF0C51 /* ThanksView.swift in Sources */ = {isa = PBXBuildFile; fileRef = 3FDB89E12B57D15B00DF0C51 /* ThanksView.swift */; };
		3FDB89E42B57D1CB00DF0C51 /* myTipProductIdentifiers.swift in Sources */ = {isa = PBXBuildFile; fileRef = 3FDB89E32B57D1CB00DF0C51 /* myTipProductIdentifiers.swift */; };
		3FDB89E72B57D8B000DF0C51 /* TestView.swift in Sources */ = {isa = PBXBuildFile; fileRef = 3FDB89E62B57D8B000DF0C51 /* TestView.swift */; };
		3FDB89EA2B57D9CC00DF0C51 /* StoreKit.framework in Frameworks */ = {isa = PBXBuildFile; fileRef = 3FDB89E92B57D9CC00DF0C51 /* StoreKit.framework */; };
		3FDB89ED2B57EF5F00DF0C51 /* WarningView.swift in Sources */ = {isa = PBXBuildFile; fileRef = 3FDB89EC2B57EF5F00DF0C51 /* WarningView.swift */; };
		3FDB89F12B57EFBA00DF0C51 /* SplashViewModifier.swift in Sources */ = {isa = PBXBuildFile; fileRef = 3FDB89EF2B57EFBA00DF0C51 /* SplashViewModifier.swift */; };
		3FDB89F22B57EFBA00DF0C51 /* SplashView.swift in Sources */ = {isa = PBXBuildFile; fileRef = 3FDB89F02B57EFBA00DF0C51 /* SplashView.swift */; };
		3FDB89F52B57F15E00DF0C51 /* WarningHeaderView.swift in Sources */ = {isa = PBXBuildFile; fileRef = 3FDB89F42B57F15E00DF0C51 /* WarningHeaderView.swift */; };
		3FDB89F72B57F17900DF0C51 /* RoundedShape.swift in Sources */ = {isa = PBXBuildFile; fileRef = 3FDB89F62B57F17900DF0C51 /* RoundedShape.swift */; };
		3FDB89FA2B582A5A00DF0C51 /* Session.swift in Sources */ = {isa = PBXBuildFile; fileRef = 3FDB89F92B582A5A00DF0C51 /* Session.swift */; };
		3FEC43D12B4DA4D900C262E5 /* CO2TablesInfoView.swift in Sources */ = {isa = PBXBuildFile; fileRef = 3FEC43D02B4DA4D900C262E5 /* CO2TablesInfoView.swift */; };
		3FEC43D32B4DAB0100C262E5 /* O2TablesInfoView.swift in Sources */ = {isa = PBXBuildFile; fileRef = 3FEC43D22B4DAB0100C262E5 /* O2TablesInfoView.swift */; };
		3FEC43D72B4EBB3D00C262E5 /* SquareBreathInfoView.swift in Sources */ = {isa = PBXBuildFile; fileRef = 3FEC43D62B4EBB3D00C262E5 /* SquareBreathInfoView.swift */; };
		3FEC43D92B4EBC9800C262E5 /* PranayamaBreathInfoView.swift in Sources */ = {isa = PBXBuildFile; fileRef = 3FEC43D82B4EBC9800C262E5 /* PranayamaBreathInfoView.swift */; };
		3FEC43DC2B4EBF5000C262E5 /* BuyMeACoffeeView.swift in Sources */ = {isa = PBXBuildFile; fileRef = 3FEC43DB2B4EBF5000C262E5 /* BuyMeACoffeeView.swift */; };
		3FEC43E42B4ED95700C262E5 /* Coffee_Shop_Cup.scn in Resources */ = {isa = PBXBuildFile; fileRef = 3FEC43E32B4ED95700C262E5 /* Coffee_Shop_Cup.scn */; };
		3FEC43E62B4ED9DE00C262E5 /* SceneView.swift in Sources */ = {isa = PBXBuildFile; fileRef = 3FEC43E52B4ED9DE00C262E5 /* SceneView.swift */; };
		3FEC43E82B4EDEE400C262E5 /* DetailedSessionHistoryView.swift in Sources */ = {isa = PBXBuildFile; fileRef = 3FEC43E72B4EDEE400C262E5 /* DetailedSessionHistoryView.swift */; };
/* End PBXBuildFile section */

/* Begin PBXFileReference section */
		3F03B9932B6A845E00E31152 /* PreBreatheSettingsDetailView.swift */ = {isa = PBXFileReference; lastKnownFileType = sourcecode.swift; path = PreBreatheSettingsDetailView.swift; sourceTree = "<group>"; };
		3F03B9952B6A9AA700E31152 /* SquareBreathingSettingsView.swift */ = {isa = PBXFileReference; lastKnownFileType = sourcecode.swift; path = SquareBreathingSettingsView.swift; sourceTree = "<group>"; };
		3F23F1FE2B73C7DF003FBC64 /* HealthDataView.swift */ = {isa = PBXFileReference; lastKnownFileType = sourcecode.swift; path = HealthDataView.swift; sourceTree = "<group>"; };
		3F23F2002B73CB81003FBC64 /* HealthKit.framework */ = {isa = PBXFileReference; lastKnownFileType = wrapper.framework; name = HealthKit.framework; path = System/Library/Frameworks/HealthKit.framework; sourceTree = SDKROOT; };
		3F23F2022B743595003FBC64 /* HistorySessionsChartView.swift */ = {isa = PBXFileReference; lastKnownFileType = sourcecode.swift; path = HistorySessionsChartView.swift; sourceTree = "<group>"; };
		3F23F2042B752021003FBC64 /* SessionHistoryDetailView.swift */ = {isa = PBXFileReference; lastKnownFileType = sourcecode.swift; path = SessionHistoryDetailView.swift; sourceTree = "<group>"; };
		3F23F20A2B77D38F003FBC64 /* UserDefaults.swift */ = {isa = PBXFileReference; lastKnownFileType = sourcecode.swift; path = UserDefaults.swift; sourceTree = "<group>"; };
		3F3188192B5AE42A0092880E /* CO2TrainingTableDetailView.swift */ = {isa = PBXFileReference; lastKnownFileType = sourcecode.swift; path = CO2TrainingTableDetailView.swift; sourceTree = "<group>"; };
		3F53E9CB2B470D8400E821BC /* ApneaManager.app */ = {isa = PBXFileReference; explicitFileType = wrapper.application; includeInIndex = 0; path = ApneaManager.app; sourceTree = BUILT_PRODUCTS_DIR; };
		3F53E9CE2B470D8400E821BC /* ApneaManagerApp.swift */ = {isa = PBXFileReference; lastKnownFileType = sourcecode.swift; path = ApneaManagerApp.swift; sourceTree = "<group>"; };
		3F53E9D22B470D8500E821BC /* Assets.xcassets */ = {isa = PBXFileReference; lastKnownFileType = folder.assetcatalog; path = Assets.xcassets; sourceTree = "<group>"; };
		3F53E9D52B470D8500E821BC /* Preview Assets.xcassets */ = {isa = PBXFileReference; lastKnownFileType = folder.assetcatalog; path = "Preview Assets.xcassets"; sourceTree = "<group>"; };
		3F53E9DC2B470E3A00E821BC /* GuidanceView.swift */ = {isa = PBXFileReference; lastKnownFileType = sourcecode.swift; path = GuidanceView.swift; sourceTree = "<group>"; };
		3F53E9DE2B47151100E821BC /* MainTab.swift */ = {isa = PBXFileReference; lastKnownFileType = sourcecode.swift; path = MainTab.swift; sourceTree = "<group>"; };
		3F53E9E02B4717EA00E821BC /* GuidanceListView.swift */ = {isa = PBXFileReference; lastKnownFileType = sourcecode.swift; path = GuidanceListView.swift; sourceTree = "<group>"; };
		3F53E9E32B471CEB00E821BC /* BenifitsView.swift */ = {isa = PBXFileReference; lastKnownFileType = sourcecode.swift; path = BenifitsView.swift; sourceTree = "<group>"; };
		3F53E9E52B471E5400E821BC /* FrequencyView.swift */ = {isa = PBXFileReference; lastKnownFileType = sourcecode.swift; path = FrequencyView.swift; sourceTree = "<group>"; };
		3F53E9EB2B4721F700E821BC /* SettingsView.swift */ = {isa = PBXFileReference; lastKnownFileType = sourcecode.swift; path = SettingsView.swift; sourceTree = "<group>"; };
		3F53E9FA2B48698A00E821BC /* TrainingOptionsView.swift */ = {isa = PBXFileReference; lastKnownFileType = sourcecode.swift; path = TrainingOptionsView.swift; sourceTree = "<group>"; };
		3F53E9FD2B486B6000E821BC /* TraningCardView.swift */ = {isa = PBXFileReference; lastKnownFileType = sourcecode.swift; path = TraningCardView.swift; sourceTree = "<group>"; };
		3F53E9FF2B495A3700E821BC /* TrainingTimeCardView.swift */ = {isa = PBXFileReference; lastKnownFileType = sourcecode.swift; path = TrainingTimeCardView.swift; sourceTree = "<group>"; };
		3F53EA012B4A9EE800E821BC /* UpgradeCardView.swift */ = {isa = PBXFileReference; lastKnownFileType = sourcecode.swift; path = UpgradeCardView.swift; sourceTree = "<group>"; };
		3F53EA042B4AA42C00E821BC /* HistoryView.swift */ = {isa = PBXFileReference; lastKnownFileType = sourcecode.swift; path = HistoryView.swift; sourceTree = "<group>"; };
		3F53EA062B4AA73000E821BC /* TrainingHistoryCardView.swift */ = {isa = PBXFileReference; lastKnownFileType = sourcecode.swift; path = TrainingHistoryCardView.swift; sourceTree = "<group>"; };
		3F53EA0A2B4AB36D00E821BC /* O2TrainingDetailView.swift */ = {isa = PBXFileReference; lastKnownFileType = sourcecode.swift; path = O2TrainingDetailView.swift; sourceTree = "<group>"; };
		3F53EA0D2B4AC0EB00E821BC /* BreathHoldView.swift */ = {isa = PBXFileReference; lastKnownFileType = sourcecode.swift; path = BreathHoldView.swift; sourceTree = "<group>"; };
		3F53EA0F2B4AC10F00E821BC /* SquareBreathingView.swift */ = {isa = PBXFileReference; lastKnownFileType = sourcecode.swift; path = SquareBreathingView.swift; sourceTree = "<group>"; };
		3F53EA112B4AC11F00E821BC /* O2TrainingView.swift */ = {isa = PBXFileReference; lastKnownFileType = sourcecode.swift; path = O2TrainingView.swift; sourceTree = "<group>"; };
		3F53EA132B4AC14B00E821BC /* CO2TrainingView.swift */ = {isa = PBXFileReference; lastKnownFileType = sourcecode.swift; path = CO2TrainingView.swift; sourceTree = "<group>"; };
		3F53EA152B4AC15B00E821BC /* PranayamaBreathingView.swift */ = {isa = PBXFileReference; lastKnownFileType = sourcecode.swift; path = PranayamaBreathingView.swift; sourceTree = "<group>"; };
		3F53EA182B4AC1A000E821BC /* PreBreatheView.swift */ = {isa = PBXFileReference; lastKnownFileType = sourcecode.swift; path = PreBreatheView.swift; sourceTree = "<group>"; };
		3F53EA1A2B4AC34500E821BC /* TrainingProgressViewStyle.swift */ = {isa = PBXFileReference; lastKnownFileType = sourcecode.swift; path = TrainingProgressViewStyle.swift; sourceTree = "<group>"; };
		3F53EA1C2B4AC44200E821BC /* Theme.swift */ = {isa = PBXFileReference; lastKnownFileType = sourcecode.swift; path = Theme.swift; sourceTree = "<group>"; };
		3F53EA1F2B4AC6F400E821BC /* TrailingIconLabelStyle.swift */ = {isa = PBXFileReference; lastKnownFileType = sourcecode.swift; path = TrailingIconLabelStyle.swift; sourceTree = "<group>"; };
		3F53EA232B4ACF6600E821BC /* TrainingHeaderView.swift */ = {isa = PBXFileReference; lastKnownFileType = sourcecode.swift; path = TrainingHeaderView.swift; sourceTree = "<group>"; };
		3F53EA252B4AD00E00E821BC /* TrainingBreatholdTimerView.swift */ = {isa = PBXFileReference; lastKnownFileType = sourcecode.swift; path = TrainingBreatholdTimerView.swift; sourceTree = "<group>"; };
		3F53EA272B4AD1FC00E821BC /* TrainingFooterView.swift */ = {isa = PBXFileReference; lastKnownFileType = sourcecode.swift; path = TrainingFooterView.swift; sourceTree = "<group>"; };
		3F53EA2C2B4ADEC600E821BC /* BreathHoldHeader.swift */ = {isa = PBXFileReference; lastKnownFileType = sourcecode.swift; path = BreathHoldHeader.swift; sourceTree = "<group>"; };
		3F53EA312B4B2D0D00E821BC /* ThemePicker.swift */ = {isa = PBXFileReference; lastKnownFileType = sourcecode.swift; path = ThemePicker.swift; sourceTree = "<group>"; };
		3F53EA342B4B2D4900E821BC /* ThemeView.swift */ = {isa = PBXFileReference; lastKnownFileType = sourcecode.swift; path = ThemeView.swift; sourceTree = "<group>"; };
		3F53EA412B4C4EF300E821BC /* TrainingRemindersView.swift */ = {isa = PBXFileReference; lastKnownFileType = sourcecode.swift; path = TrainingRemindersView.swift; sourceTree = "<group>"; };
		3F53EA432B4C4FA200E821BC /* TimerNotificationView.swift */ = {isa = PBXFileReference; lastKnownFileType = sourcecode.swift; path = TimerNotificationView.swift; sourceTree = "<group>"; };
		3F53EA452B4C5A5D00E821BC /* HistoryBreathHoldChartView.swift */ = {isa = PBXFileReference; lastKnownFileType = sourcecode.swift; path = HistoryBreathHoldChartView.swift; sourceTree = "<group>"; };
		3F69B6932B4C68F000BC9222 /* ExerciseView.swift */ = {isa = PBXFileReference; lastKnownFileType = sourcecode.swift; path = ExerciseView.swift; sourceTree = "<group>"; };
		3F69B69D2B4D780600BC9222 /* TrainingTimerView.swift */ = {isa = PBXFileReference; lastKnownFileType = sourcecode.swift; path = TrainingTimerView.swift; sourceTree = "<group>"; };
		3F69B6A12B4D78A300BC9222 /* CircleProgressShape.swift */ = {isa = PBXFileReference; lastKnownFileType = sourcecode.swift; path = CircleProgressShape.swift; sourceTree = "<group>"; };
		3F69B6A32B4D7F5D00BC9222 /* PrebreatheTimer.swift */ = {isa = PBXFileReference; lastKnownFileType = sourcecode.swift; path = PrebreatheTimer.swift; sourceTree = "<group>"; };
		3F69B6A62B4D8A4A00BC9222 /* AudioGuidanceView.swift */ = {isa = PBXFileReference; lastKnownFileType = sourcecode.swift; path = AudioGuidanceView.swift; sourceTree = "<group>"; };
		3F69B6AC2B4D92F000BC9222 /* CO2TrainingDetailView.swift */ = {isa = PBXFileReference; lastKnownFileType = sourcecode.swift; path = CO2TrainingDetailView.swift; sourceTree = "<group>"; };
		3F69B6B42B4D9C6100BC9222 /* PreBreatheDetailView.swift */ = {isa = PBXFileReference; lastKnownFileType = sourcecode.swift; path = PreBreatheDetailView.swift; sourceTree = "<group>"; };
		3F69B6B72B4D9E1000BC9222 /* SquareBreathingDetailView.swift */ = {isa = PBXFileReference; lastKnownFileType = sourcecode.swift; path = SquareBreathingDetailView.swift; sourceTree = "<group>"; };
		3F69B6B92B4D9E2D00BC9222 /* PranayamaBreathingDetailView.swift */ = {isa = PBXFileReference; lastKnownFileType = sourcecode.swift; path = PranayamaBreathingDetailView.swift; sourceTree = "<group>"; };
		3F69B6BB2B4DA03E00BC9222 /* BreathHoldDetailView.swift */ = {isa = PBXFileReference; lastKnownFileType = sourcecode.swift; path = BreathHoldDetailView.swift; sourceTree = "<group>"; };
		3FA7C1EA2B66913C00AED17A /* TrainingLastSessionCard.swift */ = {isa = PBXFileReference; lastKnownFileType = sourcecode.swift; path = TrainingLastSessionCard.swift; sourceTree = "<group>"; };
		3FA7C1F02B6A557B00AED17A /* O2TrainingTableDetailView.swift */ = {isa = PBXFileReference; lastKnownFileType = sourcecode.swift; path = O2TrainingTableDetailView.swift; sourceTree = "<group>"; };
		3FAE0AB92B6D5B3300FB0110 /* PranayamaBreathingSettingsView.swift */ = {isa = PBXFileReference; lastKnownFileType = sourcecode.swift; path = PranayamaBreathingSettingsView.swift; sourceTree = "<group>"; };
		3FAE0ABB2B70D86200FB0110 /* O2TrainingSettingsView.swift */ = {isa = PBXFileReference; lastKnownFileType = sourcecode.swift; path = O2TrainingSettingsView.swift; sourceTree = "<group>"; };
		3FAE0ABD2B7104E100FB0110 /* CO2TrainingSettingsView.swift */ = {isa = PBXFileReference; lastKnownFileType = sourcecode.swift; path = CO2TrainingSettingsView.swift; sourceTree = "<group>"; };
		3FAE0AC12B723F9100FB0110 /* Info.plist */ = {isa = PBXFileReference; lastKnownFileType = text.plist; path = Info.plist; sourceTree = "<group>"; };
		3FAE0AC22B72471000FB0110 /* TrainingReminder.swift */ = {isa = PBXFileReference; lastKnownFileType = sourcecode.swift; path = TrainingReminder.swift; sourceTree = "<group>"; };
		3FAE0AC42B724E1000FB0110 /* TrainingReminderDetailView.swift */ = {isa = PBXFileReference; lastKnownFileType = sourcecode.swift; path = TrainingReminderDetailView.swift; sourceTree = "<group>"; };
		3FAE0AC72B724E7000FB0110 /* NotificationHandler.swift */ = {isa = PBXFileReference; lastKnownFileType = sourcecode.swift; path = NotificationHandler.swift; sourceTree = "<group>"; };
		3FAE0AC92B73A04200FB0110 /* ApneaManager.entitlements */ = {isa = PBXFileReference; lastKnownFileType = text.plist.entitlements; path = ApneaManager.entitlements; sourceTree = "<group>"; };
		3FAE0ACA2B73A19700FB0110 /* HealthKitHandler.swift */ = {isa = PBXFileReference; lastKnownFileType = sourcecode.swift; path = HealthKitHandler.swift; sourceTree = "<group>"; };
		3FD7019B2B7C018C00617DA5 /* StoreKitTestCertificate.cer */ = {isa = PBXFileReference; lastKnownFileType = file; path = StoreKitTestCertificate.cer; sourceTree = "<group>"; };
		3FD7019E2B80FFF700617DA5 /* SubscriptionManager.swift */ = {isa = PBXFileReference; lastKnownFileType = sourcecode.swift; path = SubscriptionManager.swift; sourceTree = "<group>"; };
		3FDB89D92B57D0B300DF0C51 /* TipStore.swift */ = {isa = PBXFileReference; lastKnownFileType = sourcecode.swift; path = TipStore.swift; sourceTree = "<group>"; };
		3FDB89DB2B57D0FA00DF0C51 /* TipsButtonView.swift */ = {isa = PBXFileReference; lastKnownFileType = sourcecode.swift; path = TipsButtonView.swift; sourceTree = "<group>"; };
		3FDB89DD2B57D11700DF0C51 /* TipsView.swift */ = {isa = PBXFileReference; lastKnownFileType = sourcecode.swift; path = TipsView.swift; sourceTree = "<group>"; };
		3FDB89DF2B57D13900DF0C51 /* TipsItemView.swift */ = {isa = PBXFileReference; lastKnownFileType = sourcecode.swift; path = TipsItemView.swift; sourceTree = "<group>"; };
		3FDB89E12B57D15B00DF0C51 /* ThanksView.swift */ = {isa = PBXFileReference; lastKnownFileType = sourcecode.swift; path = ThanksView.swift; sourceTree = "<group>"; };
		3FDB89E32B57D1CB00DF0C51 /* myTipProductIdentifiers.swift */ = {isa = PBXFileReference; lastKnownFileType = sourcecode.swift; path = myTipProductIdentifiers.swift; sourceTree = "<group>"; };
		3FDB89E52B57D27200DF0C51 /* ApneaManagerStoreKitConfiguration.storekit */ = {isa = PBXFileReference; lastKnownFileType = text; path = ApneaManagerStoreKitConfiguration.storekit; sourceTree = "<group>"; };
		3FDB89E62B57D8B000DF0C51 /* TestView.swift */ = {isa = PBXFileReference; lastKnownFileType = sourcecode.swift; path = TestView.swift; sourceTree = "<group>"; };
		3FDB89E92B57D9CC00DF0C51 /* StoreKit.framework */ = {isa = PBXFileReference; lastKnownFileType = wrapper.framework; name = StoreKit.framework; path = System/Library/Frameworks/StoreKit.framework; sourceTree = SDKROOT; };
		3FDB89EC2B57EF5F00DF0C51 /* WarningView.swift */ = {isa = PBXFileReference; lastKnownFileType = sourcecode.swift; path = WarningView.swift; sourceTree = "<group>"; };
		3FDB89EF2B57EFBA00DF0C51 /* SplashViewModifier.swift */ = {isa = PBXFileReference; fileEncoding = 4; lastKnownFileType = sourcecode.swift; path = SplashViewModifier.swift; sourceTree = "<group>"; };
		3FDB89F02B57EFBA00DF0C51 /* SplashView.swift */ = {isa = PBXFileReference; fileEncoding = 4; lastKnownFileType = sourcecode.swift; path = SplashView.swift; sourceTree = "<group>"; };
		3FDB89F42B57F15E00DF0C51 /* WarningHeaderView.swift */ = {isa = PBXFileReference; lastKnownFileType = sourcecode.swift; path = WarningHeaderView.swift; sourceTree = "<group>"; };
		3FDB89F62B57F17900DF0C51 /* RoundedShape.swift */ = {isa = PBXFileReference; fileEncoding = 4; lastKnownFileType = sourcecode.swift; path = RoundedShape.swift; sourceTree = "<group>"; };
		3FDB89F92B582A5A00DF0C51 /* Session.swift */ = {isa = PBXFileReference; lastKnownFileType = sourcecode.swift; path = Session.swift; sourceTree = "<group>"; };
		3FEC43D02B4DA4D900C262E5 /* CO2TablesInfoView.swift */ = {isa = PBXFileReference; lastKnownFileType = sourcecode.swift; path = CO2TablesInfoView.swift; sourceTree = "<group>"; };
		3FEC43D22B4DAB0100C262E5 /* O2TablesInfoView.swift */ = {isa = PBXFileReference; lastKnownFileType = sourcecode.swift; path = O2TablesInfoView.swift; sourceTree = "<group>"; };
		3FEC43D62B4EBB3D00C262E5 /* SquareBreathInfoView.swift */ = {isa = PBXFileReference; lastKnownFileType = sourcecode.swift; path = SquareBreathInfoView.swift; sourceTree = "<group>"; };
		3FEC43D82B4EBC9800C262E5 /* PranayamaBreathInfoView.swift */ = {isa = PBXFileReference; lastKnownFileType = sourcecode.swift; path = PranayamaBreathInfoView.swift; sourceTree = "<group>"; };
		3FEC43DB2B4EBF5000C262E5 /* BuyMeACoffeeView.swift */ = {isa = PBXFileReference; lastKnownFileType = sourcecode.swift; path = BuyMeACoffeeView.swift; sourceTree = "<group>"; };
		3FEC43E32B4ED95700C262E5 /* Coffee_Shop_Cup.scn */ = {isa = PBXFileReference; lastKnownFileType = file.bplist; path = Coffee_Shop_Cup.scn; sourceTree = "<group>"; };
		3FEC43E52B4ED9DE00C262E5 /* SceneView.swift */ = {isa = PBXFileReference; lastKnownFileType = sourcecode.swift; path = SceneView.swift; sourceTree = "<group>"; };
		3FEC43E72B4EDEE400C262E5 /* DetailedSessionHistoryView.swift */ = {isa = PBXFileReference; lastKnownFileType = sourcecode.swift; path = DetailedSessionHistoryView.swift; sourceTree = "<group>"; };
/* End PBXFileReference section */

/* Begin PBXFrameworksBuildPhase section */
		3F53E9C82B470D8400E821BC /* Frameworks */ = {
			isa = PBXFrameworksBuildPhase;
			buildActionMask = 2147483647;
			files = (
				3FD701982B7BA38100617DA5 /* RevenueCat in Frameworks */,
				3F23F2012B73CB81003FBC64 /* HealthKit.framework in Frameworks */,
				3F53EA302B4AEAED00E821BC /* WishKit in Frameworks */,
				3FD7019A2B7BA38100617DA5 /* RevenueCatUI in Frameworks */,
				3FDB89EA2B57D9CC00DF0C51 /* StoreKit.framework in Frameworks */,
			);
			runOnlyForDeploymentPostprocessing = 0;
		};
/* End PBXFrameworksBuildPhase section */

/* Begin PBXGroup section */
		3F23F2092B77D382003FBC64 /* UserDefaults */ = {
			isa = PBXGroup;
			children = (
				3F23F20A2B77D38F003FBC64 /* UserDefaults.swift */,
			);
			path = UserDefaults;
			sourceTree = "<group>";
		};
		3F23F20C2B78E4A1003FBC64 /* Views */ = {
			isa = PBXGroup;
			children = (
				3F53EA042B4AA42C00E821BC /* HistoryView.swift */,
				3F23F2042B752021003FBC64 /* SessionHistoryDetailView.swift */,
				3FEC43E72B4EDEE400C262E5 /* DetailedSessionHistoryView.swift */,
			);
			path = Views;
			sourceTree = "<group>";
		};
		3F23F20D2B78E4B3003FBC64 /* Charts */ = {
			isa = PBXGroup;
			children = (
				3F23F2022B743595003FBC64 /* HistorySessionsChartView.swift */,
				3F53EA452B4C5A5D00E821BC /* HistoryBreathHoldChartView.swift */,
			);
			path = Charts;
			sourceTree = "<group>";
		};
		3F53E9C22B470D8400E821BC = {
			isa = PBXGroup;
			children = (
				3FEC43E32B4ED95700C262E5 /* Coffee_Shop_Cup.scn */,
				3F53E9CE2B470D8400E821BC /* ApneaManagerApp.swift */,
				3FDB89E52B57D27200DF0C51 /* ApneaManagerStoreKitConfiguration.storekit */,
				3FD7019B2B7C018C00617DA5 /* StoreKitTestCertificate.cer */,
				3F53E9CD2B470D8400E821BC /* ApneaManager */,
				3F53E9CC2B470D8400E821BC /* Products */,
				3FDB89E82B57D9CC00DF0C51 /* Frameworks */,
			);
			sourceTree = "<group>";
		};
		3F53E9CC2B470D8400E821BC /* Products */ = {
			isa = PBXGroup;
			children = (
				3F53E9CB2B470D8400E821BC /* ApneaManager.app */,
			);
			name = Products;
			sourceTree = "<group>";
		};
		3F53E9CD2B470D8400E821BC /* ApneaManager */ = {
			isa = PBXGroup;
			children = (
				3FAE0AC92B73A04200FB0110 /* ApneaManager.entitlements */,
				3FAE0AC12B723F9100FB0110 /* Info.plist */,
				3FDB89FB2B597DFB00DF0C51 /* Utils */,
				3FDB89F82B57F8BC00DF0C51 /* Core */,
				3FDB89EE2B57EFBA00DF0C51 /* SplashScreen */,
				3FDB89EB2B57EF5100DF0C51 /* Warning */,
				3F53EA1E2B4AC6DA00E821BC /* Helpers */,
				3F53E9FC2B486B4100E821BC /* Components */,
				3F53E9DE2B47151100E821BC /* MainTab.swift */,
				3F53E9D22B470D8500E821BC /* Assets.xcassets */,
				3F53E9D42B470D8500E821BC /* Preview Content */,
			);
			path = ApneaManager;
			sourceTree = "<group>";
		};
		3F53E9D42B470D8500E821BC /* Preview Content */ = {
			isa = PBXGroup;
			children = (
				3F53E9D52B470D8500E821BC /* Preview Assets.xcassets */,
			);
			path = "Preview Content";
			sourceTree = "<group>";
		};
		3F53E9E22B471CCF00E821BC /* Guidance */ = {
			isa = PBXGroup;
			children = (
				3FEC43CF2B4DA48900C262E5 /* Training */,
				3F53E9E02B4717EA00E821BC /* GuidanceListView.swift */,
				3F53E9DC2B470E3A00E821BC /* GuidanceView.swift */,
				3F53E9E32B471CEB00E821BC /* BenifitsView.swift */,
				3F53E9E52B471E5400E821BC /* FrequencyView.swift */,
			);
			path = Guidance;
			sourceTree = "<group>";
		};
		3F53E9E72B47219100E821BC /* Settings */ = {
			isa = PBXGroup;
			children = (
				3F69B6A52B4D8A3200BC9222 /* AudioGuidance */,
				3F53EA402B4C4ED400E821BC /* Notifications */,
				3F53E9EB2B4721F700E821BC /* SettingsView.swift */,
			);
			path = Settings;
			sourceTree = "<group>";
		};
		3F53E9E82B47219800E821BC /* Exercises */ = {
			isa = PBXGroup;
			children = (
				3F69B6932B4C68F000BC9222 /* ExerciseView.swift */,
			);
			path = Exercises;
			sourceTree = "<group>";
		};
		3F53E9E92B47219E00E821BC /* Models */ = {
			isa = PBXGroup;
			children = (
				3F53EA1C2B4AC44200E821BC /* Theme.swift */,
				3FDB89F92B582A5A00DF0C51 /* Session.swift */,
				3FAE0AC22B72471000FB0110 /* TrainingReminder.swift */,
			);
			path = Models;
			sourceTree = "<group>";
		};
		3F53E9EA2B4721A600E821BC /* Training */ = {
			isa = PBXGroup;
			children = (
				3F53E9FA2B48698A00E821BC /* TrainingOptionsView.swift */,
				3F53EA0C2B4AC0C500E821BC /* TrainingsViews */,
				3F23F1FE2B73C7DF003FBC64 /* HealthDataView.swift */,
			);
			path = Training;
			sourceTree = "<group>";
		};
		3F53E9FC2B486B4100E821BC /* Components */ = {
			isa = PBXGroup;
			children = (
				3FA7C1E72B66911200AED17A /* Cards */,
				3FDB89F32B57F15500DF0C51 /* Header */,
				3FEC43DA2B4EBF3E00C262E5 /* InAppPurchases */,
				3F53EA332B4B2D3D00E821BC /* Theme */,
				3F53EA292B4ADCCF00E821BC /* Training */,
				3FEC43E52B4ED9DE00C262E5 /* SceneView.swift */,
			);
			path = Components;
			sourceTree = "<group>";
		};
		3F53EA032B4AA40900E821BC /* History */ = {
			isa = PBXGroup;
			children = (
				3F23F20D2B78E4B3003FBC64 /* Charts */,
				3F23F20C2B78E4A1003FBC64 /* Views */,
			);
			path = History;
			sourceTree = "<group>";
		};
		3F53EA0C2B4AC0C500E821BC /* TrainingsViews */ = {
			isa = PBXGroup;
			children = (
				3F69B6B02B4D93ED00BC9222 /* BreathHold */,
				3F69B6B12B4D93FA00BC9222 /* PreBreathe */,
				3F69B6AE2B4D93A200BC9222 /* CO2 */,
				3F69B6AF2B4D93B800BC9222 /* O2 */,
				3F69B6B22B4D940A00BC9222 /* SquareBreathe */,
				3F69B6B32B4D941F00BC9222 /* Pranayama */,
			);
			path = TrainingsViews;
			sourceTree = "<group>";
		};
		3F53EA1E2B4AC6DA00E821BC /* Helpers */ = {
			isa = PBXGroup;
			children = (
				3F53EA1F2B4AC6F400E821BC /* TrailingIconLabelStyle.swift */,
				3F69B6A12B4D78A300BC9222 /* CircleProgressShape.swift */,
			);
			path = Helpers;
			sourceTree = "<group>";
		};
		3F53EA292B4ADCCF00E821BC /* Training */ = {
			isa = PBXGroup;
			children = (
				3F53E9FF2B495A3700E821BC /* TrainingTimeCardView.swift */,
				3F53EA1A2B4AC34500E821BC /* TrainingProgressViewStyle.swift */,
				3F53EA062B4AA73000E821BC /* TrainingHistoryCardView.swift */,
				3F53EA232B4ACF6600E821BC /* TrainingHeaderView.swift */,
				3F53EA252B4AD00E00E821BC /* TrainingBreatholdTimerView.swift */,
				3F69B6A32B4D7F5D00BC9222 /* PrebreatheTimer.swift */,
				3F69B69D2B4D780600BC9222 /* TrainingTimerView.swift */,
				3F53EA272B4AD1FC00E821BC /* TrainingFooterView.swift */,
				3F53E9FD2B486B6000E821BC /* TraningCardView.swift */,
				3F53EA2C2B4ADEC600E821BC /* BreathHoldHeader.swift */,
			);
			path = Training;
			sourceTree = "<group>";
		};
		3F53EA332B4B2D3D00E821BC /* Theme */ = {
			isa = PBXGroup;
			children = (
				3F53EA312B4B2D0D00E821BC /* ThemePicker.swift */,
				3F53EA342B4B2D4900E821BC /* ThemeView.swift */,
			);
			path = Theme;
			sourceTree = "<group>";
		};
		3F53EA402B4C4ED400E821BC /* Notifications */ = {
			isa = PBXGroup;
			children = (
				3F53EA412B4C4EF300E821BC /* TrainingRemindersView.swift */,
				3F53EA432B4C4FA200E821BC /* TimerNotificationView.swift */,
				3FAE0AC42B724E1000FB0110 /* TrainingReminderDetailView.swift */,
			);
			path = Notifications;
			sourceTree = "<group>";
		};
		3F69B6A52B4D8A3200BC9222 /* AudioGuidance */ = {
			isa = PBXGroup;
			children = (
				3F69B6A62B4D8A4A00BC9222 /* AudioGuidanceView.swift */,
			);
			path = AudioGuidance;
			sourceTree = "<group>";
		};
		3F69B6AE2B4D93A200BC9222 /* CO2 */ = {
			isa = PBXGroup;
			children = (
				3F53EA132B4AC14B00E821BC /* CO2TrainingView.swift */,
				3FAE0ABD2B7104E100FB0110 /* CO2TrainingSettingsView.swift */,
				3F3188192B5AE42A0092880E /* CO2TrainingTableDetailView.swift */,
				3F69B6AC2B4D92F000BC9222 /* CO2TrainingDetailView.swift */,
			);
			path = CO2;
			sourceTree = "<group>";
		};
		3F69B6AF2B4D93B800BC9222 /* O2 */ = {
			isa = PBXGroup;
			children = (
				3F53EA112B4AC11F00E821BC /* O2TrainingView.swift */,
				3FA7C1F02B6A557B00AED17A /* O2TrainingTableDetailView.swift */,
				3F53EA0A2B4AB36D00E821BC /* O2TrainingDetailView.swift */,
				3FAE0ABB2B70D86200FB0110 /* O2TrainingSettingsView.swift */,
			);
			path = O2;
			sourceTree = "<group>";
		};
		3F69B6B02B4D93ED00BC9222 /* BreathHold */ = {
			isa = PBXGroup;
			children = (
				3F53EA0D2B4AC0EB00E821BC /* BreathHoldView.swift */,
				3F69B6BB2B4DA03E00BC9222 /* BreathHoldDetailView.swift */,
			);
			path = BreathHold;
			sourceTree = "<group>";
		};
		3F69B6B12B4D93FA00BC9222 /* PreBreathe */ = {
			isa = PBXGroup;
			children = (
				3F53EA182B4AC1A000E821BC /* PreBreatheView.swift */,
				3F69B6B42B4D9C6100BC9222 /* PreBreatheDetailView.swift */,
				3F03B9932B6A845E00E31152 /* PreBreatheSettingsDetailView.swift */,
			);
			path = PreBreathe;
			sourceTree = "<group>";
		};
		3F69B6B22B4D940A00BC9222 /* SquareBreathe */ = {
			isa = PBXGroup;
			children = (
				3F53EA0F2B4AC10F00E821BC /* SquareBreathingView.swift */,
				3F03B9952B6A9AA700E31152 /* SquareBreathingSettingsView.swift */,
				3F69B6B72B4D9E1000BC9222 /* SquareBreathingDetailView.swift */,
			);
			path = SquareBreathe;
			sourceTree = "<group>";
		};
		3F69B6B32B4D941F00BC9222 /* Pranayama */ = {
			isa = PBXGroup;
			children = (
				3F53EA152B4AC15B00E821BC /* PranayamaBreathingView.swift */,
				3FAE0AB92B6D5B3300FB0110 /* PranayamaBreathingSettingsView.swift */,
				3F69B6B92B4D9E2D00BC9222 /* PranayamaBreathingDetailView.swift */,
			);
			path = Pranayama;
			sourceTree = "<group>";
		};
		3FA7C1E72B66911200AED17A /* Cards */ = {
			isa = PBXGroup;
			children = (
				3F53EA012B4A9EE800E821BC /* UpgradeCardView.swift */,
				3FA7C1EA2B66913C00AED17A /* TrainingLastSessionCard.swift */,
			);
			path = Cards;
			sourceTree = "<group>";
		};
		3FAE0AC62B724E5D00FB0110 /* Handlers */ = {
			isa = PBXGroup;
			children = (
				3FAE0AC72B724E7000FB0110 /* NotificationHandler.swift */,
				3FAE0ACA2B73A19700FB0110 /* HealthKitHandler.swift */,
			);
			path = Handlers;
			sourceTree = "<group>";
		};
		3FD7019D2B80FFE600617DA5 /* SubscriptionManager */ = {
			isa = PBXGroup;
			children = (
				3FD7019E2B80FFF700617DA5 /* SubscriptionManager.swift */,
			);
			path = SubscriptionManager;
			sourceTree = "<group>";
		};
		3FDB89D82B57D09100DF0C51 /* StoreKit */ = {
			isa = PBXGroup;
			children = (
				3FDB89D92B57D0B300DF0C51 /* TipStore.swift */,
				3FDB89DB2B57D0FA00DF0C51 /* TipsButtonView.swift */,
				3FDB89E32B57D1CB00DF0C51 /* myTipProductIdentifiers.swift */,
				3FDB89DD2B57D11700DF0C51 /* TipsView.swift */,
				3FDB89DF2B57D13900DF0C51 /* TipsItemView.swift */,
				3FDB89E12B57D15B00DF0C51 /* ThanksView.swift */,
				3FDB89E62B57D8B000DF0C51 /* TestView.swift */,
			);
			path = StoreKit;
			sourceTree = "<group>";
		};
		3FDB89E82B57D9CC00DF0C51 /* Frameworks */ = {
			isa = PBXGroup;
			children = (
				3F23F2002B73CB81003FBC64 /* HealthKit.framework */,
				3FDB89E92B57D9CC00DF0C51 /* StoreKit.framework */,
			);
			name = Frameworks;
			sourceTree = "<group>";
		};
		3FDB89EB2B57EF5100DF0C51 /* Warning */ = {
			isa = PBXGroup;
			children = (
				3FDB89EC2B57EF5F00DF0C51 /* WarningView.swift */,
			);
			path = Warning;
			sourceTree = "<group>";
		};
		3FDB89EE2B57EFBA00DF0C51 /* SplashScreen */ = {
			isa = PBXGroup;
			children = (
				3FDB89EF2B57EFBA00DF0C51 /* SplashViewModifier.swift */,
				3FDB89F02B57EFBA00DF0C51 /* SplashView.swift */,
			);
			path = SplashScreen;
			sourceTree = "<group>";
		};
		3FDB89F32B57F15500DF0C51 /* Header */ = {
			isa = PBXGroup;
			children = (
				3FDB89F42B57F15E00DF0C51 /* WarningHeaderView.swift */,
				3FDB89F62B57F17900DF0C51 /* RoundedShape.swift */,
			);
			path = Header;
			sourceTree = "<group>";
		};
		3FDB89F82B57F8BC00DF0C51 /* Core */ = {
			isa = PBXGroup;
			children = (
				3F53E9EA2B4721A600E821BC /* Training */,
				3F53E9E82B47219800E821BC /* Exercises */,
				3F53E9E22B471CCF00E821BC /* Guidance */,
				3F53EA032B4AA40900E821BC /* History */,
				3F53E9E72B47219100E821BC /* Settings */,
			);
			path = Core;
			sourceTree = "<group>";
		};
		3FDB89FB2B597DFB00DF0C51 /* Utils */ = {
			isa = PBXGroup;
			children = (
				3FD7019D2B80FFE600617DA5 /* SubscriptionManager */,
				3F23F2092B77D382003FBC64 /* UserDefaults */,
				3F53E9E92B47219E00E821BC /* Models */,
				3FAE0AC62B724E5D00FB0110 /* Handlers */,
			);
			path = Utils;
			sourceTree = "<group>";
		};
		3FEC43CF2B4DA48900C262E5 /* Training */ = {
			isa = PBXGroup;
			children = (
				3FEC43D02B4DA4D900C262E5 /* CO2TablesInfoView.swift */,
				3FEC43D22B4DAB0100C262E5 /* O2TablesInfoView.swift */,
				3FEC43D62B4EBB3D00C262E5 /* SquareBreathInfoView.swift */,
				3FEC43D82B4EBC9800C262E5 /* PranayamaBreathInfoView.swift */,
			);
			path = Training;
			sourceTree = "<group>";
		};
		3FEC43DA2B4EBF3E00C262E5 /* InAppPurchases */ = {
			isa = PBXGroup;
			children = (
				3FDB89D82B57D09100DF0C51 /* StoreKit */,
				3FEC43DB2B4EBF5000C262E5 /* BuyMeACoffeeView.swift */,
			);
			path = InAppPurchases;
			sourceTree = "<group>";
		};
/* End PBXGroup section */

/* Begin PBXNativeTarget section */
		3F53E9CA2B470D8400E821BC /* ApneaManager */ = {
			isa = PBXNativeTarget;
			buildConfigurationList = 3F53E9D92B470D8500E821BC /* Build configuration list for PBXNativeTarget "ApneaManager" */;
			buildPhases = (
				3F53E9C72B470D8400E821BC /* Sources */,
				3F53E9C82B470D8400E821BC /* Frameworks */,
				3F53E9C92B470D8400E821BC /* Resources */,
			);
			buildRules = (
			);
			dependencies = (
			);
			name = ApneaManager;
			packageProductDependencies = (
				3F53EA2F2B4AEAED00E821BC /* WishKit */,
				3FD701972B7BA38100617DA5 /* RevenueCat */,
				3FD701992B7BA38100617DA5 /* RevenueCatUI */,
			);
			productName = ApneaManager;
			productReference = 3F53E9CB2B470D8400E821BC /* ApneaManager.app */;
			productType = "com.apple.product-type.application";
		};
/* End PBXNativeTarget section */

/* Begin PBXProject section */
		3F53E9C32B470D8400E821BC /* Project object */ = {
			isa = PBXProject;
			attributes = {
				BuildIndependentTargetsInParallel = 1;
				LastSwiftUpdateCheck = 1510;
				LastUpgradeCheck = 1510;
				TargetAttributes = {
					3F53E9CA2B470D8400E821BC = {
						CreatedOnToolsVersion = 15.1;
					};
				};
			};
			buildConfigurationList = 3F53E9C62B470D8400E821BC /* Build configuration list for PBXProject "ApneaManager" */;
			compatibilityVersion = "Xcode 14.0";
			developmentRegion = en;
			hasScannedForEncodings = 0;
			knownRegions = (
				en,
				Base,
			);
			mainGroup = 3F53E9C22B470D8400E821BC;
			packageReferences = (
				3F53EA2E2B4AEAED00E821BC /* XCRemoteSwiftPackageReference "wishkit-ios" */,
				3FD701962B7BA38100617DA5 /* XCRemoteSwiftPackageReference "purchases-ios" */,
			);
			productRefGroup = 3F53E9CC2B470D8400E821BC /* Products */;
			projectDirPath = "";
			projectRoot = "";
			targets = (
				3F53E9CA2B470D8400E821BC /* ApneaManager */,
			);
		};
/* End PBXProject section */

/* Begin PBXResourcesBuildPhase section */
		3F53E9C92B470D8400E821BC /* Resources */ = {
			isa = PBXResourcesBuildPhase;
			buildActionMask = 2147483647;
			files = (
				3F53E9D62B470D8500E821BC /* Preview Assets.xcassets in Resources */,
				3FEC43E42B4ED95700C262E5 /* Coffee_Shop_Cup.scn in Resources */,
				3F53E9D32B470D8500E821BC /* Assets.xcassets in Resources */,
				3FD7019C2B7C018C00617DA5 /* StoreKitTestCertificate.cer in Resources */,
			);
			runOnlyForDeploymentPostprocessing = 0;
		};
/* End PBXResourcesBuildPhase section */

/* Begin PBXSourcesBuildPhase section */
		3F53E9C72B470D8400E821BC /* Sources */ = {
			isa = PBXSourcesBuildPhase;
			buildActionMask = 2147483647;
			files = (
				3F69B6A42B4D7F5D00BC9222 /* PrebreatheTimer.swift in Sources */,
				3F53EA122B4AC11F00E821BC /* O2TrainingView.swift in Sources */,
				3F23F2032B743595003FBC64 /* HistorySessionsChartView.swift in Sources */,
				3F53E9EC2B4721F700E821BC /* SettingsView.swift in Sources */,
				3FAE0AC32B72471000FB0110 /* TrainingReminder.swift in Sources */,
				3F53EA052B4AA42C00E821BC /* HistoryView.swift in Sources */,
				3FEC43DC2B4EBF5000C262E5 /* BuyMeACoffeeView.swift in Sources */,
				3FDB89DE2B57D11700DF0C51 /* TipsView.swift in Sources */,
				3FDB89E42B57D1CB00DF0C51 /* myTipProductIdentifiers.swift in Sources */,
				3F69B6AD2B4D92F000BC9222 /* CO2TrainingDetailView.swift in Sources */,
				3F53EA352B4B2D4900E821BC /* ThemeView.swift in Sources */,
				3FEC43D32B4DAB0100C262E5 /* O2TablesInfoView.swift in Sources */,
				3FDB89F22B57EFBA00DF0C51 /* SplashView.swift in Sources */,
				3FDB89DA2B57D0B300DF0C51 /* TipStore.swift in Sources */,
				3F53EA322B4B2D0D00E821BC /* ThemePicker.swift in Sources */,
				3F53EA1D2B4AC44300E821BC /* Theme.swift in Sources */,
				3F03B9942B6A845E00E31152 /* PreBreatheSettingsDetailView.swift in Sources */,
				3FEC43E62B4ED9DE00C262E5 /* SceneView.swift in Sources */,
				3F53EA142B4AC14B00E821BC /* CO2TrainingView.swift in Sources */,
				3F53EA022B4A9EE800E821BC /* UpgradeCardView.swift in Sources */,
				3FEC43E82B4EDEE400C262E5 /* DetailedSessionHistoryView.swift in Sources */,
				3F69B6BA2B4D9E2D00BC9222 /* PranayamaBreathingDetailView.swift in Sources */,
				3F23F1FF2B73C7DF003FBC64 /* HealthDataView.swift in Sources */,
				3FDB89F52B57F15E00DF0C51 /* WarningHeaderView.swift in Sources */,
				3F53EA262B4AD00E00E821BC /* TrainingBreatholdTimerView.swift in Sources */,
				3F53EA1B2B4AC34500E821BC /* TrainingProgressViewStyle.swift in Sources */,
				3FEC43D92B4EBC9800C262E5 /* PranayamaBreathInfoView.swift in Sources */,
				3F53EA442B4C4FA200E821BC /* TimerNotificationView.swift in Sources */,
				3FAE0ACB2B73A19700FB0110 /* HealthKitHandler.swift in Sources */,
				3F69B6942B4C68F000BC9222 /* ExerciseView.swift in Sources */,
				3F53E9FE2B486B6000E821BC /* TraningCardView.swift in Sources */,
				3F69B6A72B4D8A4A00BC9222 /* AudioGuidanceView.swift in Sources */,
				3F53EA282B4AD1FC00E821BC /* TrainingFooterView.swift in Sources */,
				3FDB89F12B57EFBA00DF0C51 /* SplashViewModifier.swift in Sources */,
				3F69B69E2B4D780600BC9222 /* TrainingTimerView.swift in Sources */,
				3F69B6BC2B4DA03E00BC9222 /* BreathHoldDetailView.swift in Sources */,
				3F53E9E42B471CEB00E821BC /* BenifitsView.swift in Sources */,
				3F53EA462B4C5A5D00E821BC /* HistoryBreathHoldChartView.swift in Sources */,
				3FA7C1F12B6A557B00AED17A /* O2TrainingTableDetailView.swift in Sources */,
				3FAE0ABA2B6D5B3300FB0110 /* PranayamaBreathingSettingsView.swift in Sources */,
				3F23F2052B752021003FBC64 /* SessionHistoryDetailView.swift in Sources */,
				3FDB89E72B57D8B000DF0C51 /* TestView.swift in Sources */,
				3F53E9DF2B47151100E821BC /* MainTab.swift in Sources */,
				3F53EA192B4AC1A000E821BC /* PreBreatheView.swift in Sources */,
				3FA7C1EB2B66913C00AED17A /* TrainingLastSessionCard.swift in Sources */,
				3F53EA2D2B4ADEC600E821BC /* BreathHoldHeader.swift in Sources */,
				3F53EA0E2B4AC0EB00E821BC /* BreathHoldView.swift in Sources */,
				3F53EA242B4ACF6600E821BC /* TrainingHeaderView.swift in Sources */,
				3F53EA102B4AC10F00E821BC /* SquareBreathingView.swift in Sources */,
				3F53EA072B4AA73000E821BC /* TrainingHistoryCardView.swift in Sources */,
				3FD7019F2B80FFF700617DA5 /* SubscriptionManager.swift in Sources */,
				3FDB89ED2B57EF5F00DF0C51 /* WarningView.swift in Sources */,
				3F69B6A22B4D78A300BC9222 /* CircleProgressShape.swift in Sources */,
				3F53EA162B4AC15B00E821BC /* PranayamaBreathingView.swift in Sources */,
				3FAE0AC52B724E1000FB0110 /* TrainingReminderDetailView.swift in Sources */,
				3FDB89F72B57F17900DF0C51 /* RoundedShape.swift in Sources */,
				3F03B9962B6A9AA700E31152 /* SquareBreathingSettingsView.swift in Sources */,
				3F23F20B2B77D38F003FBC64 /* UserDefaults.swift in Sources */,
				3F53E9DD2B470E3A00E821BC /* GuidanceView.swift in Sources */,
				3F53EA002B495A3700E821BC /* TrainingTimeCardView.swift in Sources */,
				3FAE0ABE2B7104E100FB0110 /* CO2TrainingSettingsView.swift in Sources */,
				3F53E9E62B471E5400E821BC /* FrequencyView.swift in Sources */,
				3F53EA422B4C4EF300E821BC /* TrainingRemindersView.swift in Sources */,
				3F53EA202B4AC6F400E821BC /* TrailingIconLabelStyle.swift in Sources */,
				3FDB89FA2B582A5A00DF0C51 /* Session.swift in Sources */,
				3FEC43D72B4EBB3D00C262E5 /* SquareBreathInfoView.swift in Sources */,
				3F53E9E12B4717EA00E821BC /* GuidanceListView.swift in Sources */,
				3F69B6B52B4D9C6100BC9222 /* PreBreatheDetailView.swift in Sources */,
				3F53EA0B2B4AB36D00E821BC /* O2TrainingDetailView.swift in Sources */,
				3FDB89E22B57D15B00DF0C51 /* ThanksView.swift in Sources */,
				3F53E9CF2B470D8400E821BC /* ApneaManagerApp.swift in Sources */,
				3FAE0ABC2B70D86200FB0110 /* O2TrainingSettingsView.swift in Sources */,
				3FAE0AC82B724E7000FB0110 /* NotificationHandler.swift in Sources */,
				3FDB89DC2B57D0FA00DF0C51 /* TipsButtonView.swift in Sources */,
				3F53E9FB2B48698A00E821BC /* TrainingOptionsView.swift in Sources */,
				3FEC43D12B4DA4D900C262E5 /* CO2TablesInfoView.swift in Sources */,
				3F69B6B82B4D9E1000BC9222 /* SquareBreathingDetailView.swift in Sources */,
				3FDB89E02B57D13900DF0C51 /* TipsItemView.swift in Sources */,
				3F31881A2B5AE42A0092880E /* CO2TrainingTableDetailView.swift in Sources */,
			);
			runOnlyForDeploymentPostprocessing = 0;
		};
/* End PBXSourcesBuildPhase section */

/* Begin XCBuildConfiguration section */
		3F53E9D72B470D8500E821BC /* Debug */ = {
			isa = XCBuildConfiguration;
			buildSettings = {
				ALWAYS_SEARCH_USER_PATHS = NO;
				ASSETCATALOG_COMPILER_GENERATE_SWIFT_ASSET_SYMBOL_EXTENSIONS = YES;
				CLANG_ANALYZER_NONNULL = YES;
				CLANG_ANALYZER_NUMBER_OBJECT_CONVERSION = YES_AGGRESSIVE;
				CLANG_CXX_LANGUAGE_STANDARD = "gnu++20";
				CLANG_ENABLE_MODULES = YES;
				CLANG_ENABLE_OBJC_ARC = YES;
				CLANG_ENABLE_OBJC_WEAK = YES;
				CLANG_WARN_BLOCK_CAPTURE_AUTORELEASING = YES;
				CLANG_WARN_BOOL_CONVERSION = YES;
				CLANG_WARN_COMMA = YES;
				CLANG_WARN_CONSTANT_CONVERSION = YES;
				CLANG_WARN_DEPRECATED_OBJC_IMPLEMENTATIONS = YES;
				CLANG_WARN_DIRECT_OBJC_ISA_USAGE = YES_ERROR;
				CLANG_WARN_DOCUMENTATION_COMMENTS = YES;
				CLANG_WARN_EMPTY_BODY = YES;
				CLANG_WARN_ENUM_CONVERSION = YES;
				CLANG_WARN_INFINITE_RECURSION = YES;
				CLANG_WARN_INT_CONVERSION = YES;
				CLANG_WARN_NON_LITERAL_NULL_CONVERSION = YES;
				CLANG_WARN_OBJC_IMPLICIT_RETAIN_SELF = YES;
				CLANG_WARN_OBJC_LITERAL_CONVERSION = YES;
				CLANG_WARN_OBJC_ROOT_CLASS = YES_ERROR;
				CLANG_WARN_QUOTED_INCLUDE_IN_FRAMEWORK_HEADER = YES;
				CLANG_WARN_RANGE_LOOP_ANALYSIS = YES;
				CLANG_WARN_STRICT_PROTOTYPES = YES;
				CLANG_WARN_SUSPICIOUS_MOVE = YES;
				CLANG_WARN_UNGUARDED_AVAILABILITY = YES_AGGRESSIVE;
				CLANG_WARN_UNREACHABLE_CODE = YES;
				CLANG_WARN__DUPLICATE_METHOD_MATCH = YES;
				COPY_PHASE_STRIP = NO;
				DEBUG_INFORMATION_FORMAT = dwarf;
				ENABLE_STRICT_OBJC_MSGSEND = YES;
				ENABLE_TESTABILITY = YES;
				ENABLE_USER_SCRIPT_SANDBOXING = YES;
				GCC_C_LANGUAGE_STANDARD = gnu17;
				GCC_DYNAMIC_NO_PIC = NO;
				GCC_NO_COMMON_BLOCKS = YES;
				GCC_OPTIMIZATION_LEVEL = 0;
				GCC_PREPROCESSOR_DEFINITIONS = (
					"DEBUG=1",
					"$(inherited)",
				);
				GCC_WARN_64_TO_32_BIT_CONVERSION = YES;
				GCC_WARN_ABOUT_RETURN_TYPE = YES_ERROR;
				GCC_WARN_UNDECLARED_SELECTOR = YES;
				GCC_WARN_UNINITIALIZED_AUTOS = YES_AGGRESSIVE;
				GCC_WARN_UNUSED_FUNCTION = YES;
				GCC_WARN_UNUSED_VARIABLE = YES;
				IPHONEOS_DEPLOYMENT_TARGET = 17.2;
				LOCALIZATION_PREFERS_STRING_CATALOGS = YES;
				MTL_ENABLE_DEBUG_INFO = INCLUDE_SOURCE;
				MTL_FAST_MATH = YES;
				ONLY_ACTIVE_ARCH = YES;
				SDKROOT = iphoneos;
				SWIFT_ACTIVE_COMPILATION_CONDITIONS = "DEBUG $(inherited)";
				SWIFT_OPTIMIZATION_LEVEL = "-Onone";
			};
			name = Debug;
		};
		3F53E9D82B470D8500E821BC /* Release */ = {
			isa = XCBuildConfiguration;
			buildSettings = {
				ALWAYS_SEARCH_USER_PATHS = NO;
				ASSETCATALOG_COMPILER_GENERATE_SWIFT_ASSET_SYMBOL_EXTENSIONS = YES;
				CLANG_ANALYZER_NONNULL = YES;
				CLANG_ANALYZER_NUMBER_OBJECT_CONVERSION = YES_AGGRESSIVE;
				CLANG_CXX_LANGUAGE_STANDARD = "gnu++20";
				CLANG_ENABLE_MODULES = YES;
				CLANG_ENABLE_OBJC_ARC = YES;
				CLANG_ENABLE_OBJC_WEAK = YES;
				CLANG_WARN_BLOCK_CAPTURE_AUTORELEASING = YES;
				CLANG_WARN_BOOL_CONVERSION = YES;
				CLANG_WARN_COMMA = YES;
				CLANG_WARN_CONSTANT_CONVERSION = YES;
				CLANG_WARN_DEPRECATED_OBJC_IMPLEMENTATIONS = YES;
				CLANG_WARN_DIRECT_OBJC_ISA_USAGE = YES_ERROR;
				CLANG_WARN_DOCUMENTATION_COMMENTS = YES;
				CLANG_WARN_EMPTY_BODY = YES;
				CLANG_WARN_ENUM_CONVERSION = YES;
				CLANG_WARN_INFINITE_RECURSION = YES;
				CLANG_WARN_INT_CONVERSION = YES;
				CLANG_WARN_NON_LITERAL_NULL_CONVERSION = YES;
				CLANG_WARN_OBJC_IMPLICIT_RETAIN_SELF = YES;
				CLANG_WARN_OBJC_LITERAL_CONVERSION = YES;
				CLANG_WARN_OBJC_ROOT_CLASS = YES_ERROR;
				CLANG_WARN_QUOTED_INCLUDE_IN_FRAMEWORK_HEADER = YES;
				CLANG_WARN_RANGE_LOOP_ANALYSIS = YES;
				CLANG_WARN_STRICT_PROTOTYPES = YES;
				CLANG_WARN_SUSPICIOUS_MOVE = YES;
				CLANG_WARN_UNGUARDED_AVAILABILITY = YES_AGGRESSIVE;
				CLANG_WARN_UNREACHABLE_CODE = YES;
				CLANG_WARN__DUPLICATE_METHOD_MATCH = YES;
				COPY_PHASE_STRIP = NO;
				DEBUG_INFORMATION_FORMAT = "dwarf-with-dsym";
				ENABLE_NS_ASSERTIONS = NO;
				ENABLE_STRICT_OBJC_MSGSEND = YES;
				ENABLE_USER_SCRIPT_SANDBOXING = YES;
				GCC_C_LANGUAGE_STANDARD = gnu17;
				GCC_NO_COMMON_BLOCKS = YES;
				GCC_WARN_64_TO_32_BIT_CONVERSION = YES;
				GCC_WARN_ABOUT_RETURN_TYPE = YES_ERROR;
				GCC_WARN_UNDECLARED_SELECTOR = YES;
				GCC_WARN_UNINITIALIZED_AUTOS = YES_AGGRESSIVE;
				GCC_WARN_UNUSED_FUNCTION = YES;
				GCC_WARN_UNUSED_VARIABLE = YES;
				IPHONEOS_DEPLOYMENT_TARGET = 17.2;
				LOCALIZATION_PREFERS_STRING_CATALOGS = YES;
				MTL_ENABLE_DEBUG_INFO = NO;
				MTL_FAST_MATH = YES;
				SDKROOT = iphoneos;
				SWIFT_COMPILATION_MODE = wholemodule;
				VALIDATE_PRODUCT = YES;
			};
			name = Release;
		};
		3F53E9DA2B470D8500E821BC /* Debug */ = {
			isa = XCBuildConfiguration;
			buildSettings = {
				ASSETCATALOG_COMPILER_APPICON_NAME = AppIcon;
				ASSETCATALOG_COMPILER_GLOBAL_ACCENT_COLOR_NAME = AccentColor;
				CODE_SIGN_ENTITLEMENTS = ApneaManager/ApneaManager.entitlements;
				CODE_SIGN_STYLE = Automatic;
				CURRENT_PROJECT_VERSION = 1;
				DEVELOPMENT_ASSET_PATHS = "\"ApneaManager/Preview Content\"";
				DEVELOPMENT_TEAM = BV862H23C8;
				ENABLE_PREVIEWS = YES;
				GENERATE_INFOPLIST_FILE = YES;
				INFOPLIST_FILE = ApneaManager/Info.plist;
				INFOPLIST_KEY_CFBundleDisplayName = "Apnea Manager";
				INFOPLIST_KEY_LSApplicationCategoryType = "";
				INFOPLIST_KEY_NSHealthShareUsageDescription = "\"We use your heart rate and oxygen saturation data to provide insights into your diving sessions and overall health.\"\n";
				INFOPLIST_KEY_UIApplicationSceneManifest_Generation = YES;
				INFOPLIST_KEY_UIApplicationSupportsIndirectInputEvents = YES;
				INFOPLIST_KEY_UILaunchScreen_Generation = YES;
				INFOPLIST_KEY_UISupportedInterfaceOrientations_iPad = "UIInterfaceOrientationPortrait UIInterfaceOrientationPortraitUpsideDown UIInterfaceOrientationLandscapeLeft UIInterfaceOrientationLandscapeRight";
				INFOPLIST_KEY_UISupportedInterfaceOrientations_iPhone = "UIInterfaceOrientationPortrait UIInterfaceOrientationLandscapeLeft UIInterfaceOrientationLandscapeRight";
				LD_RUNPATH_SEARCH_PATHS = (
					"$(inherited)",
					"@executable_path/Frameworks",
				);
				MARKETING_VERSION = 1.0;
				PRODUCT_BUNDLE_IDENTIFIER = com.andy.ApneaManager;
				PRODUCT_NAME = "$(TARGET_NAME)";
				SWIFT_EMIT_LOC_STRINGS = YES;
				SWIFT_VERSION = 5.0;
				TARGETED_DEVICE_FAMILY = "1,2";
			};
			name = Debug;
		};
		3F53E9DB2B470D8500E821BC /* Release */ = {
			isa = XCBuildConfiguration;
			buildSettings = {
				ASSETCATALOG_COMPILER_APPICON_NAME = AppIcon;
				ASSETCATALOG_COMPILER_GLOBAL_ACCENT_COLOR_NAME = AccentColor;
				CODE_SIGN_ENTITLEMENTS = ApneaManager/ApneaManager.entitlements;
				CODE_SIGN_STYLE = Automatic;
				CURRENT_PROJECT_VERSION = 1;
				DEVELOPMENT_ASSET_PATHS = "\"ApneaManager/Preview Content\"";
				DEVELOPMENT_TEAM = BV862H23C8;
				ENABLE_PREVIEWS = YES;
				GENERATE_INFOPLIST_FILE = YES;
				INFOPLIST_FILE = ApneaManager/Info.plist;
				INFOPLIST_KEY_CFBundleDisplayName = "Apnea Manager";
				INFOPLIST_KEY_LSApplicationCategoryType = "";
				INFOPLIST_KEY_NSHealthShareUsageDescription = "\"We use your heart rate and oxygen saturation data to provide insights into your diving sessions and overall health.\"\n";
				INFOPLIST_KEY_UIApplicationSceneManifest_Generation = YES;
				INFOPLIST_KEY_UIApplicationSupportsIndirectInputEvents = YES;
				INFOPLIST_KEY_UILaunchScreen_Generation = YES;
				INFOPLIST_KEY_UISupportedInterfaceOrientations_iPad = "UIInterfaceOrientationPortrait UIInterfaceOrientationPortraitUpsideDown UIInterfaceOrientationLandscapeLeft UIInterfaceOrientationLandscapeRight";
				INFOPLIST_KEY_UISupportedInterfaceOrientations_iPhone = "UIInterfaceOrientationPortrait UIInterfaceOrientationLandscapeLeft UIInterfaceOrientationLandscapeRight";
				LD_RUNPATH_SEARCH_PATHS = (
					"$(inherited)",
					"@executable_path/Frameworks",
				);
				MARKETING_VERSION = 1.0;
				PRODUCT_BUNDLE_IDENTIFIER = com.andy.ApneaManager;
				PRODUCT_NAME = "$(TARGET_NAME)";
				SWIFT_EMIT_LOC_STRINGS = YES;
				SWIFT_VERSION = 5.0;
				TARGETED_DEVICE_FAMILY = "1,2";
			};
			name = Release;
		};
/* End XCBuildConfiguration section */

/* Begin XCConfigurationList section */
		3F53E9C62B470D8400E821BC /* Build configuration list for PBXProject "ApneaManager" */ = {
			isa = XCConfigurationList;
			buildConfigurations = (
				3F53E9D72B470D8500E821BC /* Debug */,
				3F53E9D82B470D8500E821BC /* Release */,
			);
			defaultConfigurationIsVisible = 0;
			defaultConfigurationName = Release;
		};
		3F53E9D92B470D8500E821BC /* Build configuration list for PBXNativeTarget "ApneaManager" */ = {
			isa = XCConfigurationList;
			buildConfigurations = (
				3F53E9DA2B470D8500E821BC /* Debug */,
				3F53E9DB2B470D8500E821BC /* Release */,
			);
			defaultConfigurationIsVisible = 0;
			defaultConfigurationName = Release;
		};
/* End XCConfigurationList section */

/* Begin XCRemoteSwiftPackageReference section */
		3F53EA2E2B4AEAED00E821BC /* XCRemoteSwiftPackageReference "wishkit-ios" */ = {
			isa = XCRemoteSwiftPackageReference;
			repositoryURL = "https://github.com/wishkit/wishkit-ios.git";
			requirement = {
				kind = upToNextMajorVersion;
				minimumVersion = 4.0.5;
			};
		};
		3FD701962B7BA38100617DA5 /* XCRemoteSwiftPackageReference "purchases-ios" */ = {
			isa = XCRemoteSwiftPackageReference;
			repositoryURL = "https://github.com/RevenueCat/purchases-ios.git";
			requirement = {
				kind = upToNextMajorVersion;
				minimumVersion = 4.36.2;
			};
		};
/* End XCRemoteSwiftPackageReference section */

/* Begin XCSwiftPackageProductDependency section */
		3F53EA2F2B4AEAED00E821BC /* WishKit */ = {
			isa = XCSwiftPackageProductDependency;
			package = 3F53EA2E2B4AEAED00E821BC /* XCRemoteSwiftPackageReference "wishkit-ios" */;
			productName = WishKit;
		};
		3FD701972B7BA38100617DA5 /* RevenueCat */ = {
			isa = XCSwiftPackageProductDependency;
			package = 3FD701962B7BA38100617DA5 /* XCRemoteSwiftPackageReference "purchases-ios" */;
			productName = RevenueCat;
		};
		3FD701992B7BA38100617DA5 /* RevenueCatUI */ = {
			isa = XCSwiftPackageProductDependency;
			package = 3FD701962B7BA38100617DA5 /* XCRemoteSwiftPackageReference "purchases-ios" */;
			productName = RevenueCatUI;
		};
/* End XCSwiftPackageProductDependency section */
	};
	rootObject = 3F53E9C32B470D8400E821BC /* Project object */;
}
